
Microsoft Visual Studio Solution File, Format Version 12.00
Project("{2150E333-8FDC-42A3-9474-1A3956D46DE8}") = "Pkg_Passman", "Pkg_Passman", "{15C21DCE-0325-4899-8038-0BC2E53206F4}"
EndProject
Project("{FAE04EC0-301F-11D3-BF4B-00C04F79EFBC}") = "Passman", "Passman\Passman.csproj", "{B6225C74-EB7B-4437-87EC-F42D85E45407}"
EndProject
Global
	GlobalSection(SolutionConfigurationPlatforms) = preSolution
		Debug|Any CPU = Debug|Any CPU
		Release|Any CPU = Release|Any CPU
	EndGlobalSection
	GlobalSection(ProjectConfigurationPlatforms) = postSolution
		{B6225C74-EB7B-4437-87EC-F42D85E45407}.Debug|Any CPU.ActiveCfg = Debug|Any CPU
		{B6225C74-EB7B-4437-87EC-F42D85E45407}.Debug|Any CPU.Build.0 = Debug|Any CPU
		{B6225C74-EB7B-4437-87EC-F42D85E45407}.Release|Any CPU.ActiveCfg = Release|Any CPU
		{B6225C74-EB7B-4437-87EC-F42D85E45407}.Release|Any CPU.Build.0 = Release|Any CPU
	EndGlobalSection
	GlobalSection(NestedProjects) = preSolution
		{B6225C74-EB7B-4437-87EC-F42D85E45407} = {15C21DCE-0325-4899-8038-0BC2E53206F4}
	EndGlobalSection
EndGlobal
